
Microsoft Visual Studio Solution File, Format Version 12.00
# Visual Studio Version 17
VisualStudioVersion = 17.14.36511.14 d17.14
MinimumVisualStudioVersion = 10.0.40219.1
Project("{FAE04EC0-301F-11D3-BF4B-00C04F79EFBC}") = "ControllerLayer", "ControllerLayer\ControllerLayer.csproj", "{7281646F-EBC6-4DB0-A820-8660F76A29CA}"
EndProject
Project("{FAE04EC0-301F-11D3-BF4B-00C04F79EFBC}") = "ApplicationLayer", "ApplicationLayer\ApplicationLayer.csproj", "{8E605F2B-BCB0-43ED-9265-3A04AF1E55A0}"
EndProject
Project("{FAE04EC0-301F-11D3-BF4B-00C04F79EFBC}") = "DomainLayer", "DomainLayer\DomainLayer.csproj", "{66CFDF6D-B265-4202-AB29-A973B2BED99A}"
EndProject
Project("{FAE04EC0-301F-11D3-BF4B-00C04F79EFBC}") = "InfrastructureLayer", "InfrastructureLayer\InfrastructureLayer.csproj", "{907A19BC-4278-4DB9-8684-E700EEFBC7C6}"
EndProject
Global
	GlobalSection(SolutionConfigurationPlatforms) = preSolution
		Debug|Any CPU = Debug|Any CPU
		Release|Any CPU = Release|Any CPU
	EndGlobalSection
	GlobalSection(ProjectConfigurationPlatforms) = postSolution
		{7281646F-EBC6-4DB0-A820-8660F76A29CA}.Debug|Any CPU.ActiveCfg = Debug|Any CPU
		{7281646F-EBC6-4DB0-A820-8660F76A29CA}.Debug|Any CPU.Build.0 = Debug|Any CPU
		{7281646F-EBC6-4DB0-A820-8660F76A29CA}.Release|Any CPU.ActiveCfg = Release|Any CPU
		{7281646F-EBC6-4DB0-A820-8660F76A29CA}.Release|Any CPU.Build.0 = Release|Any CPU
		{8E605F2B-BCB0-43ED-9265-3A04AF1E55A0}.Debug|Any CPU.ActiveCfg = Debug|Any CPU
		{8E605F2B-BCB0-43ED-9265-3A04AF1E55A0}.Debug|Any CPU.Build.0 = Debug|Any CPU
		{8E605F2B-BCB0-43ED-9265-3A04AF1E55A0}.Release|Any CPU.ActiveCfg = Release|Any CPU
		{8E605F2B-BCB0-43ED-9265-3A04AF1E55A0}.Release|Any CPU.Build.0 = Release|Any CPU
		{66CFDF6D-B265-4202-AB29-A973B2BED99A}.Debug|Any CPU.ActiveCfg = Debug|Any CPU
		{66CFDF6D-B265-4202-AB29-A973B2BED99A}.Debug|Any CPU.Build.0 = Debug|Any CPU
		{66CFDF6D-B265-4202-AB29-A973B2BED99A}.Release|Any CPU.ActiveCfg = Release|Any CPU
		{66CFDF6D-B265-4202-AB29-A973B2BED99A}.Release|Any CPU.Build.0 = Release|Any CPU
		{907A19BC-4278-4DB9-8684-E700EEFBC7C6}.Debug|Any CPU.ActiveCfg = Debug|Any CPU
		{907A19BC-4278-4DB9-8684-E700EEFBC7C6}.Debug|Any CPU.Build.0 = Debug|Any CPU
		{907A19BC-4278-4DB9-8684-E700EEFBC7C6}.Release|Any CPU.ActiveCfg = Release|Any CPU
		{907A19BC-4278-4DB9-8684-E700EEFBC7C6}.Release|Any CPU.Build.0 = Release|Any CPU
	EndGlobalSection
	GlobalSection(SolutionProperties) = preSolution
		HideSolutionNode = FALSE
	EndGlobalSection
	GlobalSection(ExtensibilityGlobals) = postSolution
		SolutionGuid = {47FE52A0-AFBB-4ACD-B309-CD24228C777D}
	EndGlobalSection
EndGlobal
